
Microsoft Visual Studio Solution File, Format Version 12.00
# Visual Studio Version 17
VisualStudioVersion = 17.13.35818.85 d17.13
MinimumVisualStudioVersion = 10.0.40219.1
Project("{FAE04EC0-301F-11D3-BF4B-00C04F79EFBC}") = "SumOfMultiples", "SumOfMultiples.csproj", "{A2EA8E2B-C91F-38A9-5A6C-D49089B4F369}"
EndProject
Global
	GlobalSection(SolutionConfigurationPlatforms) = preSolution
		Debug|Any CPU = Debug|Any CPU
		Release|Any CPU = Release|Any CPU
	EndGlobalSection
	GlobalSection(ProjectConfigurationPlatforms) = postSolution
		{A2EA8E2B-C91F-38A9-5A6C-D49089B4F369}.Debug|Any CPU.ActiveCfg = Debug|Any CPU
		{A2EA8E2B-C91F-38A9-5A6C-D49089B4F369}.Debug|Any CPU.Build.0 = Debug|Any CPU
		{A2EA8E2B-C91F-38A9-5A6C-D49089B4F369}.Release|Any CPU.ActiveCfg = Release|Any CPU
		{A2EA8E2B-C91F-38A9-5A6C-D49089B4F369}.Release|Any CPU.Build.0 = Release|Any CPU
	EndGlobalSection
	GlobalSection(SolutionProperties) = preSolution
		HideSolutionNode = FALSE
	EndGlobalSection
	GlobalSection(ExtensibilityGlobals) = postSolution
		SolutionGuid = {4B591DA3-7905-4D57-B17F-890D49F6DB93}
	EndGlobalSection
EndGlobal
