
Microsoft Visual Studio Solution File, Format Version 12.00
# Visual Studio Version 17
VisualStudioVersion = 17.13.35818.85 d17.13
MinimumVisualStudioVersion = 10.0.40219.1
Project("{FAE04EC0-301F-11D3-BF4B-00C04F79EFBC}") = "Series", "Series.csproj", "{06F46C37-AE57-8D9C-D7F0-3141E557AFAE}"
EndProject
Global
	GlobalSection(SolutionConfigurationPlatforms) = preSolution
		Debug|Any CPU = Debug|Any CPU
		Release|Any CPU = Release|Any CPU
	EndGlobalSection
	GlobalSection(ProjectConfigurationPlatforms) = postSolution
		{06F46C37-AE57-8D9C-D7F0-3141E557AFAE}.Debug|Any CPU.ActiveCfg = Debug|Any CPU
		{06F46C37-AE57-8D9C-D7F0-3141E557AFAE}.Debug|Any CPU.Build.0 = Debug|Any CPU
		{06F46C37-AE57-8D9C-D7F0-3141E557AFAE}.Release|Any CPU.ActiveCfg = Release|Any CPU
		{06F46C37-AE57-8D9C-D7F0-3141E557AFAE}.Release|Any CPU.Build.0 = Release|Any CPU
	EndGlobalSection
	GlobalSection(SolutionProperties) = preSolution
		HideSolutionNode = FALSE
	EndGlobalSection
	GlobalSection(ExtensibilityGlobals) = postSolution
		SolutionGuid = {CE808A7C-5F3B-4933-9EAA-EE0F118631AC}
	EndGlobalSection
EndGlobal
