
Microsoft Visual Studio Solution File, Format Version 12.00
# Visual Studio Version 17
VisualStudioVersion = 17.13.35818.85 d17.13
MinimumVisualStudioVersion = 10.0.40219.1
Project("{FAE04EC0-301F-11D3-BF4B-00C04F79EFBC}") = "ElonsToys", "ElonsToys.csproj", "{44A3C3BC-85F5-56C1-799F-594710CA4151}"
EndProject
Global
	GlobalSection(SolutionConfigurationPlatforms) = preSolution
		Debug|Any CPU = Debug|Any CPU
		Release|Any CPU = Release|Any CPU
	EndGlobalSection
	GlobalSection(ProjectConfigurationPlatforms) = postSolution
		{44A3C3BC-85F5-56C1-799F-594710CA4151}.Debug|Any CPU.ActiveCfg = Debug|Any CPU
		{44A3C3BC-85F5-56C1-799F-594710CA4151}.Debug|Any CPU.Build.0 = Debug|Any CPU
		{44A3C3BC-85F5-56C1-799F-594710CA4151}.Release|Any CPU.ActiveCfg = Release|Any CPU
		{44A3C3BC-85F5-56C1-799F-594710CA4151}.Release|Any CPU.Build.0 = Release|Any CPU
	EndGlobalSection
	GlobalSection(SolutionProperties) = preSolution
		HideSolutionNode = FALSE
	EndGlobalSection
	GlobalSection(ExtensibilityGlobals) = postSolution
		SolutionGuid = {9A947B7B-3F45-42C3-994B-0E64F55E5859}
	EndGlobalSection
EndGlobal
